{
  "originHash" : "5d81a8d6d4a9984968acab6dd42467e4f86483fc73861810d9201cc7d12e5520",
  "pins" : [
    {
      "identity" : "elementary",
      "kind" : "remoteSourceControl",
      "location" : "https://github.com/elementary-swift/elementary",
      "state" : {
        "revision" : "ca09461308fbd568a95523544d97119ba7aea2a1",
        "version" : "0.6.4"
      }
    },
    {
      "identity" : "elementary-ui",
      "kind" : "remoteSourceControl",
      "location" : "https://github.com/elementary-swift/elementary-ui",
      "state" : {
        "revision" : "923d15c952117098fdd241e656a67290eb96f808",
        "version" : "0.1.6"
      }
    },
    {
      "identity" : "frenchrepublicancalendarcore",
      "kind" : "remoteSourceControl",
      "location" : "https://github.com/Snowy1803/FrenchRepublicanCalendarCore",
      "state" : {
        "branch" : "main",
        "revision" : "d479cca59adef1e48d797e777d2707606d0a57f4"
      }
    },
    {
      "identity" : "javascriptkit",
      "kind" : "remoteSourceControl",
      "location" : "https://github.com/swiftwasm/JavaScriptKit",
      "state" : {
        "revision" : "aa9aa778c59bddc8da8e72db4e282e8bbb9e9bbe",
        "version" : "0.46.3"
      }
    },
    {
      "identity" : "swift-syntax",
      "kind" : "remoteSourceControl",
      "location" : "https://github.com/swiftlang/swift-syntax",
      "state" : {
        "revision" : "4799286537280063c85a32f09884cfbca301b1a1",
        "version" : "602.0.0"
      }
    }
  ],
  "version" : 3
}
