{
  "object": {
    "pins": [
      {
        "package": "FrenchRepublicanCalendarCore",
        "repositoryURL": "https://github.com/Snowy1803/FrenchRepublicanCalendarCore",
        "state": {
          "branch": "main",
          "revision": "43839cbdd1e4e3ea958ba15c9ffd374d02749109",
          "version": null
        }
      },
      {
        "package": "JavaScriptKit",
        "repositoryURL": "https://github.com/swiftwasm/JavaScriptKit.git",
        "state": {
          "branch": null,
          "revision": "b19e7c8b10a2750ed47753e31ed13613171f3294",
          "version": "0.10.1"
        }
      },
      {
        "package": "OpenCombine",
        "repositoryURL": "https://github.com/OpenCombine/OpenCombine.git",
        "state": {
          "branch": null,
          "revision": "9cf67e363738dbab61b47fb5eaed78d3db31e5ee",
          "version": "0.13.0"
        }
      },
      {
        "package": "OpenCombineJS",
        "repositoryURL": "https://github.com/swiftwasm/OpenCombineJS.git",
        "state": {
          "branch": null,
          "revision": "f1f1799ddbb9876a0ef8c5700a3b78d352d0b969",
          "version": "0.1.2"
        }
      },
      {
        "package": "swift-argument-parser",
        "repositoryURL": "https://github.com/apple/swift-argument-parser",
        "state": {
          "branch": null,
          "revision": "9f39744e025c7d377987f30b03770805dcb0bcd1",
          "version": "1.1.4"
        }
      },
      {
        "package": "Benchmark",
        "repositoryURL": "https://github.com/google/swift-benchmark",
        "state": {
          "branch": null,
          "revision": "8163295f6fe82356b0bcf8e1ab991645de17d096",
          "version": "0.1.2"
        }
      },
      {
        "package": "Tokamak",
        "repositoryURL": "https://github.com/Snowy1803/Tokamak",
        "state": {
          "branch": "picker-initial-selection",
          "revision": "6ac831297ca391b49caaddec88bd4cde79d80069",
          "version": null
        }
      }
    ]
  },
  "version": 1
}
