{
  "originHash" : "30ead0aaaa51d8e4781430593fe631068801e4f0187cafd3e5d22d8b210cc29e",
  "pins" : [
    {
      "identity" : "elementary",
      "kind" : "remoteSourceControl",
      "location" : "https://github.com/elementary-swift/elementary",
      "state" : {
        "revision" : "65803c4770b6c8b6452c6ce83ab570c1b7042528",
        "version" : "0.6.1"
      }
    },
    {
      "identity" : "elementary-ui",
      "kind" : "remoteSourceControl",
      "location" : "https://github.com/elementary-swift/elementary-ui",
      "state" : {
        "revision" : "b06c13e88543a3c2430503aa9d6554eadfc143f6",
        "version" : "0.1.3"
      }
    },
    {
      "identity" : "frenchrepublicancalendarcore",
      "kind" : "remoteSourceControl",
      "location" : "https://github.com/Snowy1803/FrenchRepublicanCalendarCore",
      "state" : {
        "branch" : "main",
        "revision" : "532908b6c6042e146eb6633a2da95e2a3b093bd6"
      }
    },
    {
      "identity" : "javascriptkit",
      "kind" : "remoteSourceControl",
      "location" : "https://github.com/swiftwasm/JavaScriptKit.git",
      "state" : {
        "revision" : "4b327dc40d3931c2236ed43c6b47325c17c88afe",
        "version" : "0.37.0"
      }
    },
    {
      "identity" : "swift-syntax",
      "kind" : "remoteSourceControl",
      "location" : "https://github.com/swiftlang/swift-syntax",
      "state" : {
        "revision" : "f99ae8aa18f0cf0d53481901f88a0991dc3bd4a2",
        "version" : "601.0.1"
      }
    }
  ],
  "version" : 3
}
